
Microsoft Visual Studio Solution File, Format Version 12.00
# Visual Studio 14
VisualStudioVersion = 14.0.25420.1
MinimumVisualStudioVersion = 10.0.40219.1
Project("{8BC9CEB8-8B4A-11D0-8D11-00A0C91BC942}") = "Vanilla-Line", "Vanilla-Line\Vanilla-Line.vcxproj", "{94AF2F87-06F9-4038-B03C-7DB76CEC6233}"
EndProject
Project("{8BC9CEB8-8B4A-11D0-8D11-00A0C91BC942}") = "Vanilla-Trangles", "Vanilla-Trangles\Vanilla-Trangles.vcxproj", "{22D58C3E-E11E-4BA9-93B8-AB99B7E0792F}"
EndProject
Project("{8BC9CEB8-8B4A-11D0-8D11-00A0C91BC942}") = "Vanilla-Polygon", "Vanilla-Polygon\Vanilla-Polygon.vcxproj", "{65159B6C-1CD0-4218-8F16-6084EFAA569B}"
EndProject
Project("{8BC9CEB8-8B4A-11D0-8D11-00A0C91BC942}") = "Vanilla-MatrixOperation", "Vanilla-MatrixOperation\Vanilla-MatrixOperation.vcxproj", "{97CE94E3-5AE0-45BA-AC31-BE75B9F09D92}"
EndProject
Project("{8BC9CEB8-8B4A-11D0-8D11-00A0C91BC942}") = "Vanilla-Light", "Vanilla-Light\Vanilla-Light.vcxproj", "{AF42D204-2FC1-4868-9672-FD4F800BA6F4}"
EndProject
Project("{8BC9CEB8-8B4A-11D0-8D11-00A0C91BC942}") = "Vanilla-Texture", "Vanilla-Texture\Vanilla-Texture.vcxproj", "{FE8D2834-1C00-4396-AD9A-0306D4E590F1}"
EndProject
Project("{8BC9CEB8-8B4A-11D0-8D11-00A0C91BC942}") = "Vanilla-ObjModel", "Vanilla-ObjModel\Vanilla-ObjModel.vcxproj", "{73B8BBB2-5235-4062-A32D-79D0998D51AB}"
EndProject
Project("{8BC9CEB8-8B4A-11D0-8D11-00A0C91BC942}") = "Vanilla-DirectionLight", "Vanilla-DirectionLight\Vanilla-DirectionLight.vcxproj", "{EE9EE1D2-33D7-4A18-8346-E5F00D0F4082}"
EndProject
Project("{8BC9CEB8-8B4A-11D0-8D11-00A0C91BC942}") = "Vanilla-Camera", "Vanilla-Camera\Vanilla-Camera.vcxproj", "{F255E3C6-7021-457C-AA1C-0264D3AB4408}"
EndProject
Project("{8BC9CEB8-8B4A-11D0-8D11-00A0C91BC942}") = "Vanilla-SOIL", "Vanilla-SOIL\Vanilla-SOIL.vcxproj", "{07CD7C50-0433-4EB2-A6F5-49343EEDA7BE}"
EndProject
Project("{8BC9CEB8-8B4A-11D0-8D11-00A0C91BC942}") = "Vanilla-SkyBox", "Vanilla-SkyBox\Vanilla-SkyBox.vcxproj", "{D7CFB377-1BF4-4FF4-B899-B024E46A24BA}"
EndProject
Global
	GlobalSection(SolutionConfigurationPlatforms) = preSolution
		Debug|x64 = Debug|x64
		Debug|x86 = Debug|x86
		Release|x64 = Release|x64
		Release|x86 = Release|x86
	EndGlobalSection
	GlobalSection(ProjectConfigurationPlatforms) = postSolution
		{94AF2F87-06F9-4038-B03C-7DB76CEC6233}.Debug|x64.ActiveCfg = Debug|x64
		{94AF2F87-06F9-4038-B03C-7DB76CEC6233}.Debug|x64.Build.0 = Debug|x64
		{94AF2F87-06F9-4038-B03C-7DB76CEC6233}.Debug|x86.ActiveCfg = Debug|Win32
		{94AF2F87-06F9-4038-B03C-7DB76CEC6233}.Debug|x86.Build.0 = Debug|Win32
		{94AF2F87-06F9-4038-B03C-7DB76CEC6233}.Release|x64.ActiveCfg = Release|x64
		{94AF2F87-06F9-4038-B03C-7DB76CEC6233}.Release|x64.Build.0 = Release|x64
		{94AF2F87-06F9-4038-B03C-7DB76CEC6233}.Release|x86.ActiveCfg = Release|Win32
		{94AF2F87-06F9-4038-B03C-7DB76CEC6233}.Release|x86.Build.0 = Release|Win32
		{22D58C3E-E11E-4BA9-93B8-AB99B7E0792F}.Debug|x64.ActiveCfg = Debug|x64
		{22D58C3E-E11E-4BA9-93B8-AB99B7E0792F}.Debug|x64.Build.0 = Debug|x64
		{22D58C3E-E11E-4BA9-93B8-AB99B7E0792F}.Debug|x86.ActiveCfg = Debug|Win32
		{22D58C3E-E11E-4BA9-93B8-AB99B7E0792F}.Debug|x86.Build.0 = Debug|Win32
		{22D58C3E-E11E-4BA9-93B8-AB99B7E0792F}.Release|x64.ActiveCfg = Release|x64
		{22D58C3E-E11E-4BA9-93B8-AB99B7E0792F}.Release|x64.Build.0 = Release|x64
		{22D58C3E-E11E-4BA9-93B8-AB99B7E0792F}.Release|x86.ActiveCfg = Release|Win32
		{22D58C3E-E11E-4BA9-93B8-AB99B7E0792F}.Release|x86.Build.0 = Release|Win32
		{65159B6C-1CD0-4218-8F16-6084EFAA569B}.Debug|x64.ActiveCfg = Debug|x64
		{65159B6C-1CD0-4218-8F16-6084EFAA569B}.Debug|x64.Build.0 = Debug|x64
		{65159B6C-1CD0-4218-8F16-6084EFAA569B}.Debug|x86.ActiveCfg = Debug|Win32
		{65159B6C-1CD0-4218-8F16-6084EFAA569B}.Debug|x86.Build.0 = Debug|Win32
		{65159B6C-1CD0-4218-8F16-6084EFAA569B}.Release|x64.ActiveCfg = Release|x64
		{65159B6C-1CD0-4218-8F16-6084EFAA569B}.Release|x64.Build.0 = Release|x64
		{65159B6C-1CD0-4218-8F16-6084EFAA569B}.Release|x86.ActiveCfg = Release|Win32
		{65159B6C-1CD0-4218-8F16-6084EFAA569B}.Release|x86.Build.0 = Release|Win32
		{97CE94E3-5AE0-45BA-AC31-BE75B9F09D92}.Debug|x64.ActiveCfg = Debug|x64
		{97CE94E3-5AE0-45BA-AC31-BE75B9F09D92}.Debug|x64.Build.0 = Debug|x64
		{97CE94E3-5AE0-45BA-AC31-BE75B9F09D92}.Debug|x86.ActiveCfg = Debug|Win32
		{97CE94E3-5AE0-45BA-AC31-BE75B9F09D92}.Debug|x86.Build.0 = Debug|Win32
		{97CE94E3-5AE0-45BA-AC31-BE75B9F09D92}.Release|x64.ActiveCfg = Release|x64
		{97CE94E3-5AE0-45BA-AC31-BE75B9F09D92}.Release|x64.Build.0 = Release|x64
		{97CE94E3-5AE0-45BA-AC31-BE75B9F09D92}.Release|x86.ActiveCfg = Release|Win32
		{97CE94E3-5AE0-45BA-AC31-BE75B9F09D92}.Release|x86.Build.0 = Release|Win32
		{AF42D204-2FC1-4868-9672-FD4F800BA6F4}.Debug|x64.ActiveCfg = Debug|x64
		{AF42D204-2FC1-4868-9672-FD4F800BA6F4}.Debug|x64.Build.0 = Debug|x64
		{AF42D204-2FC1-4868-9672-FD4F800BA6F4}.Debug|x86.ActiveCfg = Debug|Win32
		{AF42D204-2FC1-4868-9672-FD4F800BA6F4}.Debug|x86.Build.0 = Debug|Win32
		{AF42D204-2FC1-4868-9672-FD4F800BA6F4}.Release|x64.ActiveCfg = Release|x64
		{AF42D204-2FC1-4868-9672-FD4F800BA6F4}.Release|x64.Build.0 = Release|x64
		{AF42D204-2FC1-4868-9672-FD4F800BA6F4}.Release|x86.ActiveCfg = Release|Win32
		{AF42D204-2FC1-4868-9672-FD4F800BA6F4}.Release|x86.Build.0 = Release|Win32
		{FE8D2834-1C00-4396-AD9A-0306D4E590F1}.Debug|x64.ActiveCfg = Debug|x64
		{FE8D2834-1C00-4396-AD9A-0306D4E590F1}.Debug|x64.Build.0 = Debug|x64
		{FE8D2834-1C00-4396-AD9A-0306D4E590F1}.Debug|x86.ActiveCfg = Debug|Win32
		{FE8D2834-1C00-4396-AD9A-0306D4E590F1}.Debug|x86.Build.0 = Debug|Win32
		{FE8D2834-1C00-4396-AD9A-0306D4E590F1}.Release|x64.ActiveCfg = Release|x64
		{FE8D2834-1C00-4396-AD9A-0306D4E590F1}.Release|x64.Build.0 = Release|x64
		{FE8D2834-1C00-4396-AD9A-0306D4E590F1}.Release|x86.ActiveCfg = Release|Win32
		{FE8D2834-1C00-4396-AD9A-0306D4E590F1}.Release|x86.Build.0 = Release|Win32
		{73B8BBB2-5235-4062-A32D-79D0998D51AB}.Debug|x64.ActiveCfg = Debug|x64
		{73B8BBB2-5235-4062-A32D-79D0998D51AB}.Debug|x64.Build.0 = Debug|x64
		{73B8BBB2-5235-4062-A32D-79D0998D51AB}.Debug|x86.ActiveCfg = Debug|Win32
		{73B8BBB2-5235-4062-A32D-79D0998D51AB}.Debug|x86.Build.0 = Debug|Win32
		{73B8BBB2-5235-4062-A32D-79D0998D51AB}.Release|x64.ActiveCfg = Release|x64
		{73B8BBB2-5235-4062-A32D-79D0998D51AB}.Release|x64.Build.0 = Release|x64
		{73B8BBB2-5235-4062-A32D-79D0998D51AB}.Release|x86.ActiveCfg = Release|Win32
		{73B8BBB2-5235-4062-A32D-79D0998D51AB}.Release|x86.Build.0 = Release|Win32
		{EE9EE1D2-33D7-4A18-8346-E5F00D0F4082}.Debug|x64.ActiveCfg = Debug|x64
		{EE9EE1D2-33D7-4A18-8346-E5F00D0F4082}.Debug|x64.Build.0 = Debug|x64
		{EE9EE1D2-33D7-4A18-8346-E5F00D0F4082}.Debug|x86.ActiveCfg = Debug|Win32
		{EE9EE1D2-33D7-4A18-8346-E5F00D0F4082}.Debug|x86.Build.0 = Debug|Win32
		{EE9EE1D2-33D7-4A18-8346-E5F00D0F4082}.Release|x64.ActiveCfg = Release|x64
		{EE9EE1D2-33D7-4A18-8346-E5F00D0F4082}.Release|x64.Build.0 = Release|x64
		{EE9EE1D2-33D7-4A18-8346-E5F00D0F4082}.Release|x86.ActiveCfg = Release|Win32
		{EE9EE1D2-33D7-4A18-8346-E5F00D0F4082}.Release|x86.Build.0 = Release|Win32
		{F255E3C6-7021-457C-AA1C-0264D3AB4408}.Debug|x64.ActiveCfg = Debug|x64
		{F255E3C6-7021-457C-AA1C-0264D3AB4408}.Debug|x64.Build.0 = Debug|x64
		{F255E3C6-7021-457C-AA1C-0264D3AB4408}.Debug|x86.ActiveCfg = Debug|Win32
		{F255E3C6-7021-457C-AA1C-0264D3AB4408}.Debug|x86.Build.0 = Debug|Win32
		{F255E3C6-7021-457C-AA1C-0264D3AB4408}.Release|x64.ActiveCfg = Release|x64
		{F255E3C6-7021-457C-AA1C-0264D3AB4408}.Release|x64.Build.0 = Release|x64
		{F255E3C6-7021-457C-AA1C-0264D3AB4408}.Release|x86.ActiveCfg = Release|Win32
		{F255E3C6-7021-457C-AA1C-0264D3AB4408}.Release|x86.Build.0 = Release|Win32
		{07CD7C50-0433-4EB2-A6F5-49343EEDA7BE}.Debug|x64.ActiveCfg = Debug|x64
		{07CD7C50-0433-4EB2-A6F5-49343EEDA7BE}.Debug|x64.Build.0 = Debug|x64
		{07CD7C50-0433-4EB2-A6F5-49343EEDA7BE}.Debug|x86.ActiveCfg = Debug|Win32
		{07CD7C50-0433-4EB2-A6F5-49343EEDA7BE}.Debug|x86.Build.0 = Debug|Win32
		{07CD7C50-0433-4EB2-A6F5-49343EEDA7BE}.Release|x64.ActiveCfg = Release|x64
		{07CD7C50-0433-4EB2-A6F5-49343EEDA7BE}.Release|x64.Build.0 = Release|x64
		{07CD7C50-0433-4EB2-A6F5-49343EEDA7BE}.Release|x86.ActiveCfg = Release|Win32
		{07CD7C50-0433-4EB2-A6F5-49343EEDA7BE}.Release|x86.Build.0 = Release|Win32
		{D7CFB377-1BF4-4FF4-B899-B024E46A24BA}.Debug|x64.ActiveCfg = Debug|x64
		{D7CFB377-1BF4-4FF4-B899-B024E46A24BA}.Debug|x64.Build.0 = Debug|x64
		{D7CFB377-1BF4-4FF4-B899-B024E46A24BA}.Debug|x86.ActiveCfg = Debug|Win32
		{D7CFB377-1BF4-4FF4-B899-B024E46A24BA}.Debug|x86.Build.0 = Debug|Win32
		{D7CFB377-1BF4-4FF4-B899-B024E46A24BA}.Release|x64.ActiveCfg = Release|x64
		{D7CFB377-1BF4-4FF4-B899-B024E46A24BA}.Release|x64.Build.0 = Release|x64
		{D7CFB377-1BF4-4FF4-B899-B024E46A24BA}.Release|x86.ActiveCfg = Release|Win32
		{D7CFB377-1BF4-4FF4-B899-B024E46A24BA}.Release|x86.Build.0 = Release|Win32
	EndGlobalSection
	GlobalSection(SolutionProperties) = preSolution
		HideSolutionNode = FALSE
	EndGlobalSection
EndGlobal
